
Microsoft Visual Studio Solution File, Format Version 12.00
# Visual Studio 15
Project("{FAE04EC0-301F-11D3-BF4B-00C04F79EFBC}") = "Assembly-CSharp", "Assembly-CSharp.csproj", "{C441D36F-241E-086E-7FD5-4F5E75447470}"
EndProject
Global
	GlobalSection(SolutionConfigurationPlatforms) = preSolution
		Debug|Any CPU = Debug|Any CPU
		Release|Any CPU = Release|Any CPU
	EndGlobalSection
	GlobalSection(ProjectConfigurationPlatforms) = postSolution
		{C441D36F-241E-086E-7FD5-4F5E75447470}.Debug|Any CPU.ActiveCfg = Debug|Any CPU
		{C441D36F-241E-086E-7FD5-4F5E75447470}.Debug|Any CPU.Build.0 = Debug|Any CPU
		{C441D36F-241E-086E-7FD5-4F5E75447470}.Release|Any CPU.ActiveCfg = Release|Any CPU
		{C441D36F-241E-086E-7FD5-4F5E75447470}.Release|Any CPU.Build.0 = Release|Any CPU
	EndGlobalSection
	GlobalSection(SolutionProperties) = preSolution
		HideSolutionNode = FALSE
	EndGlobalSection
EndGlobal
